
Microsoft Visual Studio Solution File, Format Version 12.00
# Visual Studio 15
VisualStudioVersion = 15.0.26730.15
MinimumVisualStudioVersion = 10.0.40219.1
Project("{9A19103F-16F7-4668-BE54-9A1E7A4F7556}") = "Scangram", "src\Scangram.csproj", "{442C3422-8666-492B-AF3F-087A2AA2C719}"
EndProject
Project("{9A19103F-16F7-4668-BE54-9A1E7A4F7556}") = "Scangram.Tests", "tests\Scangram.Tests.csproj", "{C4233E21-89C2-4719-8EDB-859BC13F1B1F}"
EndProject
Global
	GlobalSection(SolutionConfigurationPlatforms) = preSolution
		Debug|Any CPU = Debug|Any CPU
		Release|Any CPU = Release|Any CPU
	EndGlobalSection
	GlobalSection(ProjectConfigurationPlatforms) = postSolution
		{442C3422-8666-492B-AF3F-087A2AA2C719}.Debug|Any CPU.ActiveCfg = Debug|Any CPU
		{442C3422-8666-492B-AF3F-087A2AA2C719}.Debug|Any CPU.Build.0 = Debug|Any CPU
		{442C3422-8666-492B-AF3F-087A2AA2C719}.Release|Any CPU.ActiveCfg = Release|Any CPU
		{442C3422-8666-492B-AF3F-087A2AA2C719}.Release|Any CPU.Build.0 = Release|Any CPU
		{C4233E21-89C2-4719-8EDB-859BC13F1B1F}.Debug|Any CPU.ActiveCfg = Debug|Any CPU
		{C4233E21-89C2-4719-8EDB-859BC13F1B1F}.Debug|Any CPU.Build.0 = Debug|Any CPU
		{C4233E21-89C2-4719-8EDB-859BC13F1B1F}.Release|Any CPU.ActiveCfg = Release|Any CPU
		{C4233E21-89C2-4719-8EDB-859BC13F1B1F}.Release|Any CPU.Build.0 = Release|Any CPU
	EndGlobalSection
	GlobalSection(SolutionProperties) = preSolution
		HideSolutionNode = FALSE
	EndGlobalSection
	GlobalSection(ExtensibilityGlobals) = postSolution
		SolutionGuid = {40401CB5-8E13-4842-98A4-8553DDF2C53E}
	EndGlobalSection
EndGlobal
